// !$*UTF8*$!
{
	archiveVersion = 1;
	classes = {
	};
	objectVersion = 46;
	objects = {

/* Begin PBXBuildFile section */
		DA43CA62190EA6A10088CB7A /* Foundation.framework in Frameworks */ = {isa = PBXBuildFile; fileRef = DA43CA61190EA6A10088CB7A /* Foundation.framework */; };
		DA43CA64190EA6A10088CB7A /* CoreGraphics.framework in Frameworks */ = {isa = PBXBuildFile; fileRef = DA43CA63190EA6A10088CB7A /* CoreGraphics.framework */; };
		DA43CA66190EA6A10088CB7A /* UIKit.framework in Frameworks */ = {isa = PBXBuildFile; fileRef = DA43CA65190EA6A10088CB7A /* UIKit.framework */; };
		DA43CA6C190EA6A10088CB7A /* InfoPlist.strings in Resources */ = {isa = PBXBuildFile; fileRef = DA43CA6A190EA6A10088CB7A /* InfoPlist.strings */; };
		DA43CA6E190EA6A10088CB7A /* main.m in Sources */ = {isa = PBXBuildFile; fileRef = DA43CA6D190EA6A10088CB7A /* main.m */; };
		DA43CA72190EA6A10088CB7A /* ccAppDelegate.m in Sources */ = {isa = PBXBuildFile; fileRef = DA43CA71190EA6A10088CB7A /* ccAppDelegate.m */; };
		DA43CA75190EA6A10088CB7A /* Main.storyboard in Resources */ = {isa = PBXBuildFile; fileRef = DA43CA73190EA6A10088CB7A /* Main.storyboard */; };
		DA43CA78190EA6A10088CB7A /* ccViewController.m in Sources */ = {isa = PBXBuildFile; fileRef = DA43CA77190EA6A10088CB7A /* ccViewController.m */; };
		DA43CA7A190EA6A10088CB7A /* Images.xcassets in Resources */ = {isa = PBXBuildFile; fileRef = DA43CA79190EA6A10088CB7A /* Images.xcassets */; };
		DA43CA81190EA6A10088CB7A /* XCTest.framework in Frameworks */ = {isa = PBXBuildFile; fileRef = DA43CA80190EA6A10088CB7A /* XCTest.framework */; };
		DA43CA82190EA6A10088CB7A /* Foundation.framework in Frameworks */ = {isa = PBXBuildFile; fileRef = DA43CA61190EA6A10088CB7A /* Foundation.framework */; };
		DA43CA83190EA6A10088CB7A /* UIKit.framework in Frameworks */ = {isa = PBXBuildFile; fileRef = DA43CA65190EA6A10088CB7A /* UIKit.framework */; };
		DA43CA8B190EA6A10088CB7A /* InfoPlist.strings in Resources */ = {isa = PBXBuildFile; fileRef = DA43CA89190EA6A10088CB7A /* InfoPlist.strings */; };
		DA43CA8D190EA6A10088CB7A /* GitTestTests.m in Sources */ = {isa = PBXBuildFile; fileRef = DA43CA8C190EA6A10088CB7A /* GitTestTests.m */; };
		DA43CA98190EB09D0088CB7A /* ccTest.m in Sources */ = {isa = PBXBuildFile; fileRef = DA43CA97190EB09D0088CB7A /* ccTest.m */; };
/* End PBXBuildFile section */

/* Begin PBXContainerItemProxy section */
		DA43CA84190EA6A10088CB7A /* PBXContainerItemProxy */ = {
			isa = PBXContainerItemProxy;
			containerPortal = DA43CA56190EA6A10088CB7A /* Project object */;
			proxyType = 1;
			remoteGlobalIDString = DA43CA5D190EA6A10088CB7A;
			remoteInfo = GitTest;
		};
/* End PBXContainerItemProxy section */

/* Begin PBXFileReference section */
		DA43CA5E190EA6A10088CB7A /* GitTest.app */ = {isa = PBXFileReference; explicitFileType = wrapper.application; includeInIndex = 0; path = GitTest.app; sourceTree = BUILT_PRODUCTS_DIR; };
		DA43CA61190EA6A10088CB7A /* Foundation.framework */ = {isa = PBXFileReference; lastKnownFileType = wrapper.framework; name = Foundation.framework; path = System/Library/Frameworks/Foundation.framework; sourceTree = SDKROOT; };
		DA43CA63190EA6A10088CB7A /* CoreGraphics.framework */ = {isa = PBXFileReference; lastKnownFileType = wrapper.framework; name = CoreGraphics.framework; path = System/Library/Frameworks/CoreGraphics.framework; sourceTree = SDKROOT; };
		DA43CA65190EA6A10088CB7A /* UIKit.framework */ = {isa = PBXFileReference; lastKnownFileType = wrapper.framework; name = UIKit.framework; path = System/Library/Frameworks/UIKit.framework; sourceTree = SDKROOT; };
		DA43CA69190EA6A10088CB7A /* GitTest-Info.plist */ = {isa = PBXFileReference; lastKnownFileType = text.plist.xml; path = "GitTest-Info.plist"; sourceTree = "<group>"; };
		DA43CA6B190EA6A10088CB7A /* en */ = {isa = PBXFileReference; lastKnownFileType = text.plist.strings; name = en; path = en.lproj/InfoPlist.strings; sourceTree = "<group>"; };
		DA43CA6D190EA6A10088CB7A /* main.m */ = {isa = PBXFileReference; lastKnownFileType = sourcecode.c.objc; path = main.m; sourceTree = "<group>"; };
		DA43CA6F190EA6A10088CB7A /* GitTest-Prefix.pch */ = {isa = PBXFileReference; lastKnownFileType = sourcecode.c.h; path = "GitTest-Prefix.pch"; sourceTree = "<group>"; };
		DA43CA70190EA6A10088CB7A /* ccAppDelegate.h */ = {isa = PBXFileReference; lastKnownFileType = sourcecode.c.h; path = ccAppDelegate.h; sourceTree = "<group>"; };
		DA43CA71190EA6A10088CB7A /* ccAppDelegate.m */ = {isa = PBXFileReference; lastKnownFileType = sourcecode.c.objc; path = ccAppDelegate.m; sourceTree = "<group>"; };
		DA43CA74190EA6A10088CB7A /* Base */ = {isa = PBXFileReference; lastKnownFileType = file.storyboard; name = Base; path = Base.lproj/Main.storyboard; sourceTree = "<group>"; };
		DA43CA76190EA6A10088CB7A /* ccViewController.h */ = {isa = PBXFileReference; lastKnownFileType = sourcecode.c.h; path = ccViewController.h; sourceTree = "<group>"; };
		DA43CA77190EA6A10088CB7A /* ccViewController.m */ = {isa = PBXFileReference; lastKnownFileType = sourcecode.c.objc; path = ccViewController.m; sourceTree = "<group>"; };
		DA43CA79190EA6A10088CB7A /* Images.xcassets */ = {isa = PBXFileReference; lastKnownFileType = folder.assetcatalog; path = Images.xcassets; sourceTree = "<group>"; };
		DA43CA7F190EA6A10088CB7A /* GitTestTests.xctest */ = {isa = PBXFileReference; explicitFileType = wrapper.cfbundle; includeInIndex = 0; path = GitTestTests.xctest; sourceTree = BUILT_PRODUCTS_DIR; };
		DA43CA80190EA6A10088CB7A /* XCTest.framework */ = {isa = PBXFileReference; lastKnownFileType = wrapper.framework; name = XCTest.framework; path = Library/Frameworks/XCTest.framework; sourceTree = DEVELOPER_DIR; };
		DA43CA88190EA6A10088CB7A /* GitTestTests-Info.plist */ = {isa = PBXFileReference; lastKnownFileType = text.plist.xml; path = "GitTestTests-Info.plist"; sourceTree = "<group>"; };
		DA43CA8A190EA6A10088CB7A /* en */ = {isa = PBXFileReference; lastKnownFileType = text.plist.strings; name = en; path = en.lproj/InfoPlist.strings; sourceTree = "<group>"; };
		DA43CA8C190EA6A10088CB7A /* GitTestTests.m */ = {isa = PBXFileReference; lastKnownFileType = sourcecode.c.objc; path = GitTestTests.m; sourceTree = "<group>"; };
		DA43CA96190EB09D0088CB7A /* ccTest.h */ = {isa = PBXFileReference; fileEncoding = 4; lastKnownFileType = sourcecode.c.h; path = ccTest.h; sourceTree = "<group>"; };
		DA43CA97190EB09D0088CB7A /* ccTest.m */ = {isa = PBXFileReference; fileEncoding = 4; lastKnownFileType = sourcecode.c.objc; path = ccTest.m; sourceTree = "<group>"; };
/* End PBXFileReference section */

/* Begin PBXFrameworksBuildPhase section */
		DA43CA5B190EA6A10088CB7A /* Frameworks */ = {
			isa = PBXFrameworksBuildPhase;
			buildActionMask = 2147483647;
			files = (
				DA43CA64190EA6A10088CB7A /* CoreGraphics.framework in Frameworks */,
				DA43CA66190EA6A10088CB7A /* UIKit.framework in Frameworks */,
				DA43CA62190EA6A10088CB7A /* Foundation.framework in Frameworks */,
			);
			runOnlyForDeploymentPostprocessing = 0;
		};
		DA43CA7C190EA6A10088CB7A /* Frameworks */ = {
			isa = PBXFrameworksBuildPhase;
			buildActionMask = 2147483647;
			files = (
				DA43CA81190EA6A10088CB7A /* XCTest.framework in Frameworks */,
				DA43CA83190EA6A10088CB7A /* UIKit.framework in Frameworks */,
				DA43CA82190EA6A10088CB7A /* Foundation.framework in Frameworks */,
			);
			runOnlyForDeploymentPostprocessing = 0;
		};
/* End PBXFrameworksBuildPhase section */

/* Begin PBXGroup section */
		DA43CA55190EA6A10088CB7A = {
			isa = PBXGroup;
			children = (
				DA43CA96190EB09D0088CB7A /* ccTest.h */,
				DA43CA97190EB09D0088CB7A /* ccTest.m */,
				DA43CA67190EA6A10088CB7A /* GitTest */,
				DA43CA86190EA6A10088CB7A /* GitTestTests */,
				DA43CA60190EA6A10088CB7A /* Frameworks */,
				DA43CA5F190EA6A10088CB7A /* Products */,
			);
			sourceTree = "<group>";
		};
		DA43CA5F190EA6A10088CB7A /* Products */ = {
			isa = PBXGroup;
			children = (
				DA43CA5E190EA6A10088CB7A /* GitTest.app */,
				DA43CA7F190EA6A10088CB7A /* GitTestTests.xctest */,
			);
			name = Products;
			sourceTree = "<group>";
		};
		DA43CA60190EA6A10088CB7A /* Frameworks */ = {
			isa = PBXGroup;
			children = (
				DA43CA61190EA6A10088CB7A /* Foundation.framework */,
				DA43CA63190EA6A10088CB7A /* CoreGraphics.framework */,
				DA43CA65190EA6A10088CB7A /* UIKit.framework */,
				DA43CA80190EA6A10088CB7A /* XCTest.framework */,
			);
			name = Frameworks;
			sourceTree = "<group>";
		};
		DA43CA67190EA6A10088CB7A /* GitTest */ = {
			isa = PBXGroup;
			children = (
				DA43CA70190EA6A10088CB7A /* ccAppDelegate.h */,
				DA43CA71190EA6A10088CB7A /* ccAppDelegate.m */,
				DA43CA73190EA6A10088CB7A /* Main.storyboard */,
				DA43CA76190EA6A10088CB7A /* ccViewController.h */,
				DA43CA77190EA6A10088CB7A /* ccViewController.m */,
				DA43CA79190EA6A10088CB7A /* Images.xcassets */,
				DA43CA68190EA6A10088CB7A /* Supporting Files */,
			);
			path = GitTest;
			sourceTree = "<group>";
		};
		DA43CA68190EA6A10088CB7A /* Supporting Files */ = {
			isa = PBXGroup;
			children = (
				DA43CA69190EA6A10088CB7A /* GitTest-Info.plist */,
				DA43CA6A190EA6A10088CB7A /* InfoPlist.strings */,
				DA43CA6D190EA6A10088CB7A /* main.m */,
				DA43CA6F190EA6A10088CB7A /* GitTest-Prefix.pch */,
			);
			name = "Supporting Files";
			sourceTree = "<group>";
		};
		DA43CA86190EA6A10088CB7A /* GitTestTests */ = {
			isa = PBXGroup;
			children = (
				DA43CA8C190EA6A10088CB7A /* GitTestTests.m */,
				DA43CA87190EA6A10088CB7A /* Supporting Files */,
			);
			path = GitTestTests;
			sourceTree = "<group>";
		};
		DA43CA87190EA6A10088CB7A /* Supporting Files */ = {
			isa = PBXGroup;
			children = (
				DA43CA88190EA6A10088CB7A /* GitTestTests-Info.plist */,
				DA43CA89190EA6A10088CB7A /* InfoPlist.strings */,
			);
			name = "Supporting Files";
			sourceTree = "<group>";
		};
/* End PBXGroup section */

/* Begin PBXNativeTarget section */
		DA43CA5D190EA6A10088CB7A /* GitTest */ = {
			isa = PBXNativeTarget;
			buildConfigurationList = DA43CA90190EA6A10088CB7A /* Build configuration list for PBXNativeTarget "GitTest" */;
			buildPhases = (
				DA43CA5A190EA6A10088CB7A /* Sources */,
				DA43CA5B190EA6A10088CB7A /* Frameworks */,
				DA43CA5C190EA6A10088CB7A /* Resources */,
			);
			buildRules = (
			);
			dependencies = (
			);
			name = GitTest;
			productName = GitTest;
			productReference = DA43CA5E190EA6A10088CB7A /* GitTest.app */;
			productType = "com.apple.product-type.application";
		};
		DA43CA7E190EA6A10088CB7A /* GitTestTests */ = {
			isa = PBXNativeTarget;
			buildConfigurationList = DA43CA93190EA6A10088CB7A /* Build configuration list for PBXNativeTarget "GitTestTests" */;
			buildPhases = (
				DA43CA7B190EA6A10088CB7A /* Sources */,
				DA43CA7C190EA6A10088CB7A /* Frameworks */,
				DA43CA7D190EA6A10088CB7A /* Resources */,
			);
			buildRules = (
			);
			dependencies = (
				DA43CA85190EA6A10088CB7A /* PBXTargetDependency */,
			);
			name = GitTestTests;
			productName = GitTestTests;
			productReference = DA43CA7F190EA6A10088CB7A /* GitTestTests.xctest */;
			productType = "com.apple.product-type.bundle.unit-test";
		};
/* End PBXNativeTarget section */

/* Begin PBXProject section */
		DA43CA56190EA6A10088CB7A /* Project object */ = {
			isa = PBXProject;
			attributes = {
				CLASSPREFIX = cc;
				LastUpgradeCheck = 0510;
				ORGANIZATIONNAME = marquette;
				TargetAttributes = {
					DA43CA7E190EA6A10088CB7A = {
						TestTargetID = DA43CA5D190EA6A10088CB7A;
					};
				};
			};
			buildConfigurationList = DA43CA59190EA6A10088CB7A /* Build configuration list for PBXProject "GitTest" */;
			compatibilityVersion = "Xcode 3.2";
			developmentRegion = English;
			hasScannedForEncodings = 0;
			knownRegions = (
				en,
				Base,
			);
			mainGroup = DA43CA55190EA6A10088CB7A;
			productRefGroup = DA43CA5F190EA6A10088CB7A /* Products */;
			projectDirPath = "";
			projectRoot = "";
			targets = (
				DA43CA5D190EA6A10088CB7A /* GitTest */,
				DA43CA7E190EA6A10088CB7A /* GitTestTests */,
			);
		};
/* End PBXProject section */

/* Begin PBXResourcesBuildPhase section */
		DA43CA5C190EA6A10088CB7A /* Resources */ = {
			isa = PBXResourcesBuildPhase;
			buildActionMask = 2147483647;
			files = (
				DA43CA7A190EA6A10088CB7A /* Images.xcassets in Resources */,
				DA43CA6C190EA6A10088CB7A /* InfoPlist.strings in Resources */,
				DA43CA75190EA6A10088CB7A /* Main.storyboard in Resources */,
			);
			runOnlyForDeploymentPostprocessing = 0;
		};
		DA43CA7D190EA6A10088CB7A /* Resources */ = {
			isa = PBXResourcesBuildPhase;
			buildActionMask = 2147483647;
			files = (
				DA43CA8B190EA6A10088CB7A /* InfoPlist.strings in Resources */,
			);
			runOnlyForDeploymentPostprocessing = 0;
		};
/* End PBXResourcesBuildPhase section */

/* Begin PBXSourcesBuildPhase section */
		DA43CA5A190EA6A10088CB7A /* Sources */ = {
			isa = PBXSourcesBuildPhase;
			buildActionMask = 2147483647;
			files = (
				DA43CA72190EA6A10088CB7A /* ccAppDelegate.m in Sources */,
				DA43CA98190EB09D0088CB7A /* ccTest.m in Sources */,
				DA43CA6E190EA6A10088CB7A /* main.m in Sources */,
				DA43CA78190EA6A10088CB7A /* ccViewController.m in Sources */,
			);
			runOnlyForDeploymentPostprocessing = 0;
		};
		DA43CA7B190EA6A10088CB7A /* Sources */ = {
			isa = PBXSourcesBuildPhase;
			buildActionMask = 2147483647;
			files = (
				DA43CA8D190EA6A10088CB7A /* GitTestTests.m in Sources */,
			);
			runOnlyForDeploymentPostprocessing = 0;
		};
/* End PBXSourcesBuildPhase section */

/* Begin PBXTargetDependency section */
		DA43CA85190EA6A10088CB7A /* PBXTargetDependency */ = {
			isa = PBXTargetDependency;
			target = DA43CA5D190EA6A10088CB7A /* GitTest */;
			targetProxy = DA43CA84190EA6A10088CB7A /* PBXContainerItemProxy */;
		};
/* End PBXTargetDependency section */

/* Begin PBXVariantGroup section */
		DA43CA6A190EA6A10088CB7A /* InfoPlist.strings */ = {
			isa = PBXVariantGroup;
			children = (
				DA43CA6B190EA6A10088CB7A /* en */,
			);
			name = InfoPlist.strings;
			sourceTree = "<group>";
		};
		DA43CA73190EA6A10088CB7A /* Main.storyboard */ = {
			isa = PBXVariantGroup;
			children = (
				DA43CA74190EA6A10088CB7A /* Base */,
			);
			name = Main.storyboard;
			sourceTree = "<group>";
		};
		DA43CA89190EA6A10088CB7A /* InfoPlist.strings */ = {
			isa = PBXVariantGroup;
			children = (
				DA43CA8A190EA6A10088CB7A /* en */,
			);
			name = InfoPlist.strings;
			sourceTree = "<group>";
		};
/* End PBXVariantGroup section */

/* Begin XCBuildConfiguration section */
		DA43CA8E190EA6A10088CB7A /* Debug */ = {
			isa = XCBuildConfiguration;
			buildSettings = {
				ALWAYS_SEARCH_USER_PATHS = NO;
				CLANG_CXX_LANGUAGE_STANDARD = "gnu++0x";
				CLANG_CXX_LIBRARY = "libc++";
				CLANG_ENABLE_MODULES = YES;
				CLANG_ENABLE_OBJC_ARC = YES;
				CLANG_WARN_BOOL_CONVERSION = YES;
				CLANG_WARN_CONSTANT_CONVERSION = YES;
				CLANG_WARN_DIRECT_OBJC_ISA_USAGE = YES_ERROR;
				CLANG_WARN_EMPTY_BODY = YES;
				CLANG_WARN_ENUM_CONVERSION = YES;
				CLANG_WARN_INT_CONVERSION = YES;
				CLANG_WARN_OBJC_ROOT_CLASS = YES_ERROR;
				CLANG_WARN__DUPLICATE_METHOD_MATCH = YES;
				"CODE_SIGN_IDENTITY[sdk=iphoneos*]" = "iPhone Developer";
				COPY_PHASE_STRIP = NO;
				GCC_C_LANGUAGE_STANDARD = gnu99;
				GCC_DYNAMIC_NO_PIC = NO;
				GCC_OPTIMIZATION_LEVEL = 0;
				GCC_PREPROCESSOR_DEFINITIONS = (
					"DEBUG=1",
					"$(inherited)",
				);
				GCC_SYMBOLS_PRIVATE_EXTERN = NO;
				GCC_WARN_64_TO_32_BIT_CONVERSION = YES;
				GCC_WARN_ABOUT_RETURN_TYPE = YES_ERROR;
				GCC_WARN_UNDECLARED_SELECTOR = YES;
				GCC_WARN_UNINITIALIZED_AUTOS = YES_AGGRESSIVE;
				GCC_WARN_UNUSED_FUNCTION = YES;
				GCC_WARN_UNUSED_VARIABLE = YES;
				IPHONEOS_DEPLOYMENT_TARGET = 7.1;
				ONLY_ACTIVE_ARCH = YES;
				SDKROOT = iphoneos;
			};
			name = Debug;
		};
		DA43CA8F190EA6A10088CB7A /* Release */ = {
			isa = XCBuildConfiguration;
			buildSettings = {
				ALWAYS_SEARCH_USER_PATHS = NO;
				CLANG_CXX_LANGUAGE_STANDARD = "gnu++0x";
				CLANG_CXX_LIBRARY = "libc++";
				CLANG_ENABLE_MODULES = YES;
				CLANG_ENABLE_OBJC_ARC = YES;
				CLANG_WARN_BOOL_CONVERSION = YES;
				CLANG_WARN_CONSTANT_CONVERSION = YES;
				CLANG_WARN_DIRECT_OBJC_ISA_USAGE = YES_ERROR;
				CLANG_WARN_EMPTY_BODY = YES;
				CLANG_WARN_ENUM_CONVERSION = YES;
				CLANG_WARN_INT_CONVERSION = YES;
				CLANG_WARN_OBJC_ROOT_CLASS = YES_ERROR;
				CLANG_WARN__DUPLICATE_METHOD_MATCH = YES;
				"CODE_SIGN_IDENTITY[sdk=iphoneos*]" = "iPhone Developer";
				COPY_PHASE_STRIP = YES;
				ENABLE_NS_ASSERTIONS = NO;
				GCC_C_LANGUAGE_STANDARD = gnu99;
				GCC_WARN_64_TO_32_BIT_CONVERSION = YES;
				GCC_WARN_ABOUT_RETURN_TYPE = YES_ERROR;
				GCC_WARN_UNDECLARED_SELECTOR = YES;
				GCC_WARN_UNINITIALIZED_AUTOS = YES_AGGRESSIVE;
				GCC_WARN_UNUSED_FUNCTION = YES;
				GCC_WARN_UNUSED_VARIABLE = YES;
				IPHONEOS_DEPLOYMENT_TARGET = 7.1;
				SDKROOT = iphoneos;
				VALIDATE_PRODUCT = YES;
			};
			name = Release;
		};
		DA43CA91190EA6A10088CB7A /* Debug */ = {
			isa = XCBuildConfiguration;
			buildSettings = {
				ASSETCATALOG_COMPILER_APPICON_NAME = AppIcon;
				ASSETCATALOG_COMPILER_LAUNCHIMAGE_NAME = LaunchImage;
				GCC_PRECOMPILE_PREFIX_HEADER = YES;
				GCC_PREFIX_HEADER = "GitTest/GitTest-Prefix.pch";
				INFOPLIST_FILE = "GitTest/GitTest-Info.plist";
				PRODUCT_NAME = "$(TARGET_NAME)";
				WRAPPER_EXTENSION = app;
			};
			name = Debug;
		};
		DA43CA92190EA6A10088CB7A /* Release */ = {
			isa = XCBuildConfiguration;
			buildSettings = {
				ASSETCATALOG_COMPILER_APPICON_NAME = AppIcon;
				ASSETCATALOG_COMPILER_LAUNCHIMAGE_NAME = LaunchImage;
				GCC_PRECOMPILE_PREFIX_HEADER = YES;
				GCC_PREFIX_HEADER = "GitTest/GitTest-Prefix.pch";
				INFOPLIST_FILE = "GitTest/GitTest-Info.plist";
				PRODUCT_NAME = "$(TARGET_NAME)";
				WRAPPER_EXTENSION = app;
			};
			name = Release;
		};
		DA43CA94190EA6A10088CB7A /* Debug */ = {
			isa = XCBuildConfiguration;
			buildSettings = {
				BUNDLE_LOADER = "$(BUILT_PRODUCTS_DIR)/GitTest.app/GitTest";
				FRAMEWORK_SEARCH_PATHS = (
					"$(SDKROOT)/Developer/Library/Frameworks",
					"$(inherited)",
					"$(DEVELOPER_FRAMEWORKS_DIR)",
				);
				GCC_PRECOMPILE_PREFIX_HEADER = YES;
				GCC_PREFIX_HEADER = "GitTest/GitTest-Prefix.pch";
				GCC_PREPROCESSOR_DEFINITIONS = (
					"DEBUG=1",
					"$(inherited)",
				);
				INFOPLIST_FILE = "GitTestTests/GitTestTests-Info.plist";
				PRODUCT_NAME = "$(TARGET_NAME)";
				TEST_HOST = "$(BUNDLE_LOADER)";
				WRAPPER_EXTENSION = xctest;
			};
			name = Debug;
		};
		DA43CA95190EA6A10088CB7A /* Release */ = {
			isa = XCBuildConfiguration;
			buildSettings = {
				BUNDLE_LOADER = "$(BUILT_PRODUCTS_DIR)/GitTest.app/GitTest";
				FRAMEWORK_SEARCH_PATHS = (
					"$(SDKROOT)/Developer/Library/Frameworks",
					"$(inherited)",
					"$(DEVELOPER_FRAMEWORKS_DIR)",
				);
				GCC_PRECOMPILE_PREFIX_HEADER = YES;
				GCC_PREFIX_HEADER = "GitTest/GitTest-Prefix.pch";
				INFOPLIST_FILE = "GitTestTests/GitTestTests-Info.plist";
				PRODUCT_NAME = "$(TARGET_NAME)";
				TEST_HOST = "$(BUNDLE_LOADER)";
				WRAPPER_EXTENSION = xctest;
			};
			name = Release;
		};
/* End XCBuildConfiguration section */

/* Begin XCConfigurationList section */
		DA43CA59190EA6A10088CB7A /* Build configuration list for PBXProject "GitTest" */ = {
			isa = XCConfigurationList;
			buildConfigurations = (
				DA43CA8E190EA6A10088CB7A /* Debug */,
				DA43CA8F190EA6A10088CB7A /* Release */,
			);
			defaultConfigurationIsVisible = 0;
			defaultConfigurationName = Release;
		};
		DA43CA90190EA6A10088CB7A /* Build configuration list for PBXNativeTarget "GitTest" */ = {
			isa = XCConfigurationList;
			buildConfigurations = (
				DA43CA91190EA6A10088CB7A /* Debug */,
				DA43CA92190EA6A10088CB7A /* Release */,
			);
			defaultConfigurationIsVisible = 0;
		};
		DA43CA93190EA6A10088CB7A /* Build configuration list for PBXNativeTarget "GitTestTests" */ = {
			isa = XCConfigurationList;
			buildConfigurations = (
				DA43CA94190EA6A10088CB7A /* Debug */,
				DA43CA95190EA6A10088CB7A /* Release */,
			);
			defaultConfigurationIsVisible = 0;
		};
/* End XCConfigurationList section */
	};
	rootObject = DA43CA56190EA6A10088CB7A /* Project object */;
}
